
Microsoft Visual Studio Solution File, Format Version 12.00
# Visual Studio Version 16
VisualStudioVersion = 25.0.1704.0
MinimumVisualStudioVersion = 10.0.40219.1
Project("{FAE04EC0-301F-11D3-BF4B-00C04F79EFBC}") = "WebRPGCreation", "WebRPGCreation\WebRPGCreation.csproj", "{420580A9-1421-477B-A420-C8997BE692B5}"
EndProject
Global
	GlobalSection(SolutionConfigurationPlatforms) = preSolution
		Debug|Any CPU = Debug|Any CPU
		Release|Any CPU = Release|Any CPU
	EndGlobalSection
	GlobalSection(ProjectConfigurationPlatforms) = postSolution
		{420580A9-1421-477B-A420-C8997BE692B5}.Debug|Any CPU.ActiveCfg = Debug|Any CPU
		{420580A9-1421-477B-A420-C8997BE692B5}.Debug|Any CPU.Build.0 = Debug|Any CPU
		{420580A9-1421-477B-A420-C8997BE692B5}.Release|Any CPU.ActiveCfg = Release|Any CPU
		{420580A9-1421-477B-A420-C8997BE692B5}.Release|Any CPU.Build.0 = Release|Any CPU
	EndGlobalSection
	GlobalSection(SolutionProperties) = preSolution
		HideSolutionNode = FALSE
	EndGlobalSection
	GlobalSection(ExtensibilityGlobals) = postSolution
		SolutionGuid = {E6BE8DD8-4273-4DC6-8D75-6BAE824C8AD3}
	EndGlobalSection
EndGlobal
